
Microsoft Visual Studio Solution File, Format Version 12.00
# Visual Studio Version 17
VisualStudioVersion = 17.0.32112.339
MinimumVisualStudioVersion = 10.0.40219.1
Project("{FAE04EC0-301F-11D3-BF4B-00C04F79EFBC}") = "Portafolio", "Portafolio\Portafolio.csproj", "{5B2D5B83-E821-4081-B5FF-27F62CD87E7E}"
EndProject
Global
	GlobalSection(SolutionConfigurationPlatforms) = preSolution
		Debug|Any CPU = Debug|Any CPU
		Release|Any CPU = Release|Any CPU
	EndGlobalSection
	GlobalSection(ProjectConfigurationPlatforms) = postSolution
		{5B2D5B83-E821-4081-B5FF-27F62CD87E7E}.Debug|Any CPU.ActiveCfg = Debug|Any CPU
		{5B2D5B83-E821-4081-B5FF-27F62CD87E7E}.Debug|Any CPU.Build.0 = Debug|Any CPU
		{5B2D5B83-E821-4081-B5FF-27F62CD87E7E}.Release|Any CPU.ActiveCfg = Release|Any CPU
		{5B2D5B83-E821-4081-B5FF-27F62CD87E7E}.Release|Any CPU.Build.0 = Release|Any CPU
	EndGlobalSection
	GlobalSection(SolutionProperties) = preSolution
		HideSolutionNode = FALSE
	EndGlobalSection
	GlobalSection(ExtensibilityGlobals) = postSolution
		SolutionGuid = {E008A6AC-594B-4F47-AD6A-4B9AE9EFC3B7}
	EndGlobalSection
EndGlobal
